// !$*UTF8*$!
{
	archiveVersion = 1;
	classes = {
	};
	objectVersion = 55;
	objects = {

/* Begin PBXBuildFile section */
		BA41E57427724BB7004982C8 /* Tests_iOS.swift in Sources */ = {isa = PBXBuildFile; fileRef = BA41E57327724BB7004982C8 /* Tests_iOS.swift */; };
		BA41E57627724BB7004982C8 /* Tests_iOSLaunchTests.swift in Sources */ = {isa = PBXBuildFile; fileRef = BA41E57527724BB7004982C8 /* Tests_iOSLaunchTests.swift */; };
		BA41E58027724BB7004982C8 /* Tests_macOS.swift in Sources */ = {isa = PBXBuildFile; fileRef = BA41E57F27724BB7004982C8 /* Tests_macOS.swift */; };
		BA41E58227724BB7004982C8 /* Tests_macOSLaunchTests.swift in Sources */ = {isa = PBXBuildFile; fileRef = BA41E58127724BB7004982C8 /* Tests_macOSLaunchTests.swift */; };
		BA41E58327724BB7004982C8 /* instagramApp.swift in Sources */ = {isa = PBXBuildFile; fileRef = BA41E55B27724BB5004982C8 /* instagramApp.swift */; };
		BA41E58427724BB7004982C8 /* instagramApp.swift in Sources */ = {isa = PBXBuildFile; fileRef = BA41E55B27724BB5004982C8 /* instagramApp.swift */; };
		BA41E58527724BB7004982C8 /* ContentView.swift in Sources */ = {isa = PBXBuildFile; fileRef = BA41E55C27724BB5004982C8 /* ContentView.swift */; };
		BA41E58627724BB7004982C8 /* ContentView.swift in Sources */ = {isa = PBXBuildFile; fileRef = BA41E55C27724BB5004982C8 /* ContentView.swift */; };
		BA41E58727724BB7004982C8 /* Assets.xcassets in Resources */ = {isa = PBXBuildFile; fileRef = BA41E55D27724BB7004982C8 /* Assets.xcassets */; };
		BA41E58827724BB7004982C8 /* Assets.xcassets in Resources */ = {isa = PBXBuildFile; fileRef = BA41E55D27724BB7004982C8 /* Assets.xcassets */; };
/* End PBXBuildFile section */

/* Begin PBXContainerItemProxy section */
		BA41E57027724BB7004982C8 /* PBXContainerItemProxy */ = {
			isa = PBXContainerItemProxy;
			containerPortal = BA41E55627724BB5004982C8 /* Project object */;
			proxyType = 1;
			remoteGlobalIDString = BA41E56127724BB7004982C8;
			remoteInfo = "instagram (iOS)";
		};
		BA41E57C27724BB7004982C8 /* PBXContainerItemProxy */ = {
			isa = PBXContainerItemProxy;
			containerPortal = BA41E55627724BB5004982C8 /* Project object */;
			proxyType = 1;
			remoteGlobalIDString = BA41E56727724BB7004982C8;
			remoteInfo = "instagram (macOS)";
		};
/* End PBXContainerItemProxy section */

/* Begin PBXFileReference section */
		BA41E55B27724BB5004982C8 /* instagramApp.swift */ = {isa = PBXFileReference; lastKnownFileType = sourcecode.swift; path = instagramApp.swift; sourceTree = "<group>"; };
		BA41E55C27724BB5004982C8 /* ContentView.swift */ = {isa = PBXFileReference; lastKnownFileType = sourcecode.swift; path = ContentView.swift; sourceTree = "<group>"; };
		BA41E55D27724BB7004982C8 /* Assets.xcassets */ = {isa = PBXFileReference; lastKnownFileType = folder.assetcatalog; path = Assets.xcassets; sourceTree = "<group>"; };
		BA41E56227724BB7004982C8 /* instagram.app */ = {isa = PBXFileReference; explicitFileType = wrapper.application; includeInIndex = 0; path = instagram.app; sourceTree = BUILT_PRODUCTS_DIR; };
		BA41E56827724BB7004982C8 /* instagram.app */ = {isa = PBXFileReference; explicitFileType = wrapper.application; includeInIndex = 0; path = instagram.app; sourceTree = BUILT_PRODUCTS_DIR; };
		BA41E56A27724BB7004982C8 /* macOS.entitlements */ = {isa = PBXFileReference; lastKnownFileType = text.plist.entitlements; path = macOS.entitlements; sourceTree = "<group>"; };
		BA41E56F27724BB7004982C8 /* Tests iOS.xctest */ = {isa = PBXFileReference; explicitFileType = wrapper.cfbundle; includeInIndex = 0; path = "Tests iOS.xctest"; sourceTree = BUILT_PRODUCTS_DIR; };
		BA41E57327724BB7004982C8 /* Tests_iOS.swift */ = {isa = PBXFileReference; lastKnownFileType = sourcecode.swift; path = Tests_iOS.swift; sourceTree = "<group>"; };
		BA41E57527724BB7004982C8 /* Tests_iOSLaunchTests.swift */ = {isa = PBXFileReference; lastKnownFileType = sourcecode.swift; path = Tests_iOSLaunchTests.swift; sourceTree = "<group>"; };
		BA41E57B27724BB7004982C8 /* Tests macOS.xctest */ = {isa = PBXFileReference; explicitFileType = wrapper.cfbundle; includeInIndex = 0; path = "Tests macOS.xctest"; sourceTree = BUILT_PRODUCTS_DIR; };
		BA41E57F27724BB7004982C8 /* Tests_macOS.swift */ = {isa = PBXFileReference; lastKnownFileType = sourcecode.swift; path = Tests_macOS.swift; sourceTree = "<group>"; };
		BA41E58127724BB7004982C8 /* Tests_macOSLaunchTests.swift */ = {isa = PBXFileReference; lastKnownFileType = sourcecode.swift; path = Tests_macOSLaunchTests.swift; sourceTree = "<group>"; };
/* End PBXFileReference section */

/* Begin PBXFrameworksBuildPhase section */
		BA41E55F27724BB7004982C8 /* Frameworks */ = {
			isa = PBXFrameworksBuildPhase;
			buildActionMask = 2147483647;
			files = (
			);
			runOnlyForDeploymentPostprocessing = 0;
		};
		BA41E56527724BB7004982C8 /* Frameworks */ = {
			isa = PBXFrameworksBuildPhase;
			buildActionMask = 2147483647;
			files = (
			);
			runOnlyForDeploymentPostprocessing = 0;
		};
		BA41E56C27724BB7004982C8 /* Frameworks */ = {
			isa = PBXFrameworksBuildPhase;
			buildActionMask = 2147483647;
			files = (
			);
			runOnlyForDeploymentPostprocessing = 0;
		};
		BA41E57827724BB7004982C8 /* Frameworks */ = {
			isa = PBXFrameworksBuildPhase;
			buildActionMask = 2147483647;
			files = (
			);
			runOnlyForDeploymentPostprocessing = 0;
		};
/* End PBXFrameworksBuildPhase section */

/* Begin PBXGroup section */
		BA41E55527724BB5004982C8 = {
			isa = PBXGroup;
			children = (
				BA41E55A27724BB5004982C8 /* Shared */,
				BA41E56927724BB7004982C8 /* macOS */,
				BA41E57227724BB7004982C8 /* Tests iOS */,
				BA41E57E27724BB7004982C8 /* Tests macOS */,
				BA41E56327724BB7004982C8 /* Products */,
			);
			sourceTree = "<group>";
		};
		BA41E55A27724BB5004982C8 /* Shared */ = {
			isa = PBXGroup;
			children = (
				BA41E55B27724BB5004982C8 /* instagramApp.swift */,
				BA41E55C27724BB5004982C8 /* ContentView.swift */,
				BA41E55D27724BB7004982C8 /* Assets.xcassets */,
			);
			path = Shared;
			sourceTree = "<group>";
		};
		BA41E56327724BB7004982C8 /* Products */ = {
			isa = PBXGroup;
			children = (
				BA41E56227724BB7004982C8 /* instagram.app */,
				BA41E56827724BB7004982C8 /* instagram.app */,
				BA41E56F27724BB7004982C8 /* Tests iOS.xctest */,
				BA41E57B27724BB7004982C8 /* Tests macOS.xctest */,
			);
			name = Products;
			sourceTree = "<group>";
		};
		BA41E56927724BB7004982C8 /* macOS */ = {
			isa = PBXGroup;
			children = (
				BA41E56A27724BB7004982C8 /* macOS.entitlements */,
			);
			path = macOS;
			sourceTree = "<group>";
		};
		BA41E57227724BB7004982C8 /* Tests iOS */ = {
			isa = PBXGroup;
			children = (
				BA41E57327724BB7004982C8 /* Tests_iOS.swift */,
				BA41E57527724BB7004982C8 /* Tests_iOSLaunchTests.swift */,
			);
			path = "Tests iOS";
			sourceTree = "<group>";
		};
		BA41E57E27724BB7004982C8 /* Tests macOS */ = {
			isa = PBXGroup;
			children = (
				BA41E57F27724BB7004982C8 /* Tests_macOS.swift */,
				BA41E58127724BB7004982C8 /* Tests_macOSLaunchTests.swift */,
			);
			path = "Tests macOS";
			sourceTree = "<group>";
		};
/* End PBXGroup section */

/* Begin PBXNativeTarget section */
		BA41E56127724BB7004982C8 /* instagram (iOS) */ = {
			isa = PBXNativeTarget;
			buildConfigurationList = BA41E58B27724BB7004982C8 /* Build configuration list for PBXNativeTarget "instagram (iOS)" */;
			buildPhases = (
				BA41E55E27724BB7004982C8 /* Sources */,
				BA41E55F27724BB7004982C8 /* Frameworks */,
				BA41E56027724BB7004982C8 /* Resources */,
			);
			buildRules = (
			);
			dependencies = (
			);
			name = "instagram (iOS)";
			productName = "instagram (iOS)";
			productReference = BA41E56227724BB7004982C8 /* instagram.app */;
			productType = "com.apple.product-type.application";
		};
		BA41E56727724BB7004982C8 /* instagram (macOS) */ = {
			isa = PBXNativeTarget;
			buildConfigurationList = BA41E58E27724BB7004982C8 /* Build configuration list for PBXNativeTarget "instagram (macOS)" */;
			buildPhases = (
				BA41E56427724BB7004982C8 /* Sources */,
				BA41E56527724BB7004982C8 /* Frameworks */,
				BA41E56627724BB7004982C8 /* Resources */,
			);
			buildRules = (
			);
			dependencies = (
			);
			name = "instagram (macOS)";
			productName = "instagram (macOS)";
			productReference = BA41E56827724BB7004982C8 /* instagram.app */;
			productType = "com.apple.product-type.application";
		};
		BA41E56E27724BB7004982C8 /* Tests iOS */ = {
			isa = PBXNativeTarget;
			buildConfigurationList = BA41E59127724BB7004982C8 /* Build configuration list for PBXNativeTarget "Tests iOS" */;
			buildPhases = (
				BA41E56B27724BB7004982C8 /* Sources */,
				BA41E56C27724BB7004982C8 /* Frameworks */,
				BA41E56D27724BB7004982C8 /* Resources */,
			);
			buildRules = (
			);
			dependencies = (
				BA41E57127724BB7004982C8 /* PBXTargetDependency */,
			);
			name = "Tests iOS";
			productName = "Tests iOS";
			productReference = BA41E56F27724BB7004982C8 /* Tests iOS.xctest */;
			productType = "com.apple.product-type.bundle.ui-testing";
		};
		BA41E57A27724BB7004982C8 /* Tests macOS */ = {
			isa = PBXNativeTarget;
			buildConfigurationList = BA41E59427724BB7004982C8 /* Build configuration list for PBXNativeTarget "Tests macOS" */;
			buildPhases = (
				BA41E57727724BB7004982C8 /* Sources */,
				BA41E57827724BB7004982C8 /* Frameworks */,
				BA41E57927724BB7004982C8 /* Resources */,
			);
			buildRules = (
			);
			dependencies = (
				BA41E57D27724BB7004982C8 /* PBXTargetDependency */,
			);
			name = "Tests macOS";
			productName = "Tests macOS";
			productReference = BA41E57B27724BB7004982C8 /* Tests macOS.xctest */;
			productType = "com.apple.product-type.bundle.ui-testing";
		};
/* End PBXNativeTarget section */

/* Begin PBXProject section */
		BA41E55627724BB5004982C8 /* Project object */ = {
			isa = PBXProject;
			attributes = {
				BuildIndependentTargetsInParallel = 1;
				LastSwiftUpdateCheck = 1320;
				LastUpgradeCheck = 1320;
				TargetAttributes = {
					BA41E56127724BB7004982C8 = {
						CreatedOnToolsVersion = 13.2.1;
					};
					BA41E56727724BB7004982C8 = {
						CreatedOnToolsVersion = 13.2.1;
					};
					BA41E56E27724BB7004982C8 = {
						CreatedOnToolsVersion = 13.2.1;
						TestTargetID = BA41E56127724BB7004982C8;
					};
					BA41E57A27724BB7004982C8 = {
						CreatedOnToolsVersion = 13.2.1;
						TestTargetID = BA41E56727724BB7004982C8;
					};
				};
			};
			buildConfigurationList = BA41E55927724BB5004982C8 /* Build configuration list for PBXProject "instagram" */;
			compatibilityVersion = "Xcode 13.0";
			developmentRegion = en;
			hasScannedForEncodings = 0;
			knownRegions = (
				en,
				Base,
			);
			mainGroup = BA41E55527724BB5004982C8;
			productRefGroup = BA41E56327724BB7004982C8 /* Products */;
			projectDirPath = "";
			projectRoot = "";
			targets = (
				BA41E56127724BB7004982C8 /* instagram (iOS) */,
				BA41E56727724BB7004982C8 /* instagram (macOS) */,
				BA41E56E27724BB7004982C8 /* Tests iOS */,
				BA41E57A27724BB7004982C8 /* Tests macOS */,
			);
		};
/* End PBXProject section */

/* Begin PBXResourcesBuildPhase section */
		BA41E56027724BB7004982C8 /* Resources */ = {
			isa = PBXResourcesBuildPhase;
			buildActionMask = 2147483647;
			files = (
				BA41E58727724BB7004982C8 /* Assets.xcassets in Resources */,
			);
			runOnlyForDeploymentPostprocessing = 0;
		};
		BA41E56627724BB7004982C8 /* Resources */ = {
			isa = PBXResourcesBuildPhase;
			buildActionMask = 2147483647;
			files = (
				BA41E58827724BB7004982C8 /* Assets.xcassets in Resources */,
			);
			runOnlyForDeploymentPostprocessing = 0;
		};
		BA41E56D27724BB7004982C8 /* Resources */ = {
			isa = PBXResourcesBuildPhase;
			buildActionMask = 2147483647;
			files = (
			);
			runOnlyForDeploymentPostprocessing = 0;
		};
		BA41E57927724BB7004982C8 /* Resources */ = {
			isa = PBXResourcesBuildPhase;
			buildActionMask = 2147483647;
			files = (
			);
			runOnlyForDeploymentPostprocessing = 0;
		};
/* End PBXResourcesBuildPhase section */

/* Begin PBXSourcesBuildPhase section */
		BA41E55E27724BB7004982C8 /* Sources */ = {
			isa = PBXSourcesBuildPhase;
			buildActionMask = 2147483647;
			files = (
				BA41E58527724BB7004982C8 /* ContentView.swift in Sources */,
				BA41E58327724BB7004982C8 /* instagramApp.swift in Sources */,
			);
			runOnlyForDeploymentPostprocessing = 0;
		};
		BA41E56427724BB7004982C8 /* Sources */ = {
			isa = PBXSourcesBuildPhase;
			buildActionMask = 2147483647;
			files = (
				BA41E58627724BB7004982C8 /* ContentView.swift in Sources */,
				BA41E58427724BB7004982C8 /* instagramApp.swift in Sources */,
			);
			runOnlyForDeploymentPostprocessing = 0;
		};
		BA41E56B27724BB7004982C8 /* Sources */ = {
			isa = PBXSourcesBuildPhase;
			buildActionMask = 2147483647;
			files = (
				BA41E57627724BB7004982C8 /* Tests_iOSLaunchTests.swift in Sources */,
				BA41E57427724BB7004982C8 /* Tests_iOS.swift in Sources */,
			);
			runOnlyForDeploymentPostprocessing = 0;
		};
		BA41E57727724BB7004982C8 /* Sources */ = {
			isa = PBXSourcesBuildPhase;
			buildActionMask = 2147483647;
			files = (
				BA41E58227724BB7004982C8 /* Tests_macOSLaunchTests.swift in Sources */,
				BA41E58027724BB7004982C8 /* Tests_macOS.swift in Sources */,
			);
			runOnlyForDeploymentPostprocessing = 0;
		};
/* End PBXSourcesBuildPhase section */

/* Begin PBXTargetDependency section */
		BA41E57127724BB7004982C8 /* PBXTargetDependency */ = {
			isa = PBXTargetDependency;
			target = BA41E56127724BB7004982C8 /* instagram (iOS) */;
			targetProxy = BA41E57027724BB7004982C8 /* PBXContainerItemProxy */;
		};
		BA41E57D27724BB7004982C8 /* PBXTargetDependency */ = {
			isa = PBXTargetDependency;
			target = BA41E56727724BB7004982C8 /* instagram (macOS) */;
			targetProxy = BA41E57C27724BB7004982C8 /* PBXContainerItemProxy */;
		};
/* End PBXTargetDependency section */

/* Begin XCBuildConfiguration section */
		BA41E58927724BB7004982C8 /* Debug */ = {
			isa = XCBuildConfiguration;
			buildSettings = {
				ALWAYS_SEARCH_USER_PATHS = NO;
				CLANG_ANALYZER_NONNULL = YES;
				CLANG_ANALYZER_NUMBER_OBJECT_CONVERSION = YES_AGGRESSIVE;
				CLANG_CXX_LANGUAGE_STANDARD = "gnu++17";
				CLANG_CXX_LIBRARY = "libc++";
				CLANG_ENABLE_MODULES = YES;
				CLANG_ENABLE_OBJC_ARC = YES;
				CLANG_ENABLE_OBJC_WEAK = YES;
				CLANG_WARN_BLOCK_CAPTURE_AUTORELEASING = YES;
				CLANG_WARN_BOOL_CONVERSION = YES;
				CLANG_WARN_COMMA = YES;
				CLANG_WARN_CONSTANT_CONVERSION = YES;
				CLANG_WARN_DEPRECATED_OBJC_IMPLEMENTATIONS = YES;
				CLANG_WARN_DIRECT_OBJC_ISA_USAGE = YES_ERROR;
				CLANG_WARN_DOCUMENTATION_COMMENTS = YES;
				CLANG_WARN_EMPTY_BODY = YES;
				CLANG_WARN_ENUM_CONVERSION = YES;
				CLANG_WARN_INFINITE_RECURSION = YES;
				CLANG_WARN_INT_CONVERSION = YES;
				CLANG_WARN_NON_LITERAL_NULL_CONVERSION = YES;
				CLANG_WARN_OBJC_IMPLICIT_RETAIN_SELF = YES;
				CLANG_WARN_OBJC_LITERAL_CONVERSION = YES;
				CLANG_WARN_OBJC_ROOT_CLASS = YES_ERROR;
				CLANG_WARN_QUOTED_INCLUDE_IN_FRAMEWORK_HEADER = YES;
				CLANG_WARN_RANGE_LOOP_ANALYSIS = YES;
				CLANG_WARN_STRICT_PROTOTYPES = YES;
				CLANG_WARN_SUSPICIOUS_MOVE = YES;
				CLANG_WARN_UNGUARDED_AVAILABILITY = YES_AGGRESSIVE;
				CLANG_WARN_UNREACHABLE_CODE = YES;
				CLANG_WARN__DUPLICATE_METHOD_MATCH = YES;
				COPY_PHASE_STRIP = NO;
				DEBUG_INFORMATION_FORMAT = dwarf;
				ENABLE_STRICT_OBJC_MSGSEND = YES;
				ENABLE_TESTABILITY = YES;
				GCC_C_LANGUAGE_STANDARD = gnu11;
				GCC_DYNAMIC_NO_PIC = NO;
				GCC_NO_COMMON_BLOCKS = YES;
				GCC_OPTIMIZATION_LEVEL = 0;
				GCC_PREPROCESSOR_DEFINITIONS = (
					"DEBUG=1",
					"$(inherited)",
				);
				GCC_WARN_64_TO_32_BIT_CONVERSION = YES;
				GCC_WARN_ABOUT_RETURN_TYPE = YES_ERROR;
				GCC_WARN_UNDECLARED_SELECTOR = YES;
				GCC_WARN_UNINITIALIZED_AUTOS = YES_AGGRESSIVE;
				GCC_WARN_UNUSED_FUNCTION = YES;
				GCC_WARN_UNUSED_VARIABLE = YES;
				MTL_ENABLE_DEBUG_INFO = INCLUDE_SOURCE;
				MTL_FAST_MATH = YES;
				ONLY_ACTIVE_ARCH = YES;
				SWIFT_ACTIVE_COMPILATION_CONDITIONS = DEBUG;
				SWIFT_OPTIMIZATION_LEVEL = "-Onone";
			};
			name = Debug;
		};
		BA41E58A27724BB7004982C8 /* Release */ = {
			isa = XCBuildConfiguration;
			buildSettings = {
				ALWAYS_SEARCH_USER_PATHS = NO;
				CLANG_ANALYZER_NONNULL = YES;
				CLANG_ANALYZER_NUMBER_OBJECT_CONVERSION = YES_AGGRESSIVE;
				CLANG_CXX_LANGUAGE_STANDARD = "gnu++17";
				CLANG_CXX_LIBRARY = "libc++";
				CLANG_ENABLE_MODULES = YES;
				CLANG_ENABLE_OBJC_ARC = YES;
				CLANG_ENABLE_OBJC_WEAK = YES;
				CLANG_WARN_BLOCK_CAPTURE_AUTORELEASING = YES;
				CLANG_WARN_BOOL_CONVERSION = YES;
				CLANG_WARN_COMMA = YES;
				CLANG_WARN_CONSTANT_CONVERSION = YES;
				CLANG_WARN_DEPRECATED_OBJC_IMPLEMENTATIONS = YES;
				CLANG_WARN_DIRECT_OBJC_ISA_USAGE = YES_ERROR;
				CLANG_WARN_DOCUMENTATION_COMMENTS = YES;
				CLANG_WARN_EMPTY_BODY = YES;
				CLANG_WARN_ENUM_CONVERSION = YES;
				CLANG_WARN_INFINITE_RECURSION = YES;
				CLANG_WARN_INT_CONVERSION = YES;
				CLANG_WARN_NON_LITERAL_NULL_CONVERSION = YES;
				CLANG_WARN_OBJC_IMPLICIT_RETAIN_SELF = YES;
				CLANG_WARN_OBJC_LITERAL_CONVERSION = YES;
				CLANG_WARN_OBJC_ROOT_CLASS = YES_ERROR;
				CLANG_WARN_QUOTED_INCLUDE_IN_FRAMEWORK_HEADER = YES;
				CLANG_WARN_RANGE_LOOP_ANALYSIS = YES;
				CLANG_WARN_STRICT_PROTOTYPES = YES;
				CLANG_WARN_SUSPICIOUS_MOVE = YES;
				CLANG_WARN_UNGUARDED_AVAILABILITY = YES_AGGRESSIVE;
				CLANG_WARN_UNREACHABLE_CODE = YES;
				CLANG_WARN__DUPLICATE_METHOD_MATCH = YES;
				COPY_PHASE_STRIP = NO;
				DEBUG_INFORMATION_FORMAT = "dwarf-with-dsym";
				ENABLE_NS_ASSERTIONS = NO;
				ENABLE_STRICT_OBJC_MSGSEND = YES;
				GCC_C_LANGUAGE_STANDARD = gnu11;
				GCC_NO_COMMON_BLOCKS = YES;
				GCC_WARN_64_TO_32_BIT_CONVERSION = YES;
				GCC_WARN_ABOUT_RETURN_TYPE = YES_ERROR;
				GCC_WARN_UNDECLARED_SELECTOR = YES;
				GCC_WARN_UNINITIALIZED_AUTOS = YES_AGGRESSIVE;
				GCC_WARN_UNUSED_FUNCTION = YES;
				GCC_WARN_UNUSED_VARIABLE = YES;
				MTL_ENABLE_DEBUG_INFO = NO;
				MTL_FAST_MATH = YES;
				SWIFT_COMPILATION_MODE = wholemodule;
				SWIFT_OPTIMIZATION_LEVEL = "-O";
			};
			name = Release;
		};
		BA41E58C27724BB7004982C8 /* Debug */ = {
			isa = XCBuildConfiguration;
			buildSettings = {
				ASSETCATALOG_COMPILER_APPICON_NAME = AppIcon;
				ASSETCATALOG_COMPILER_GLOBAL_ACCENT_COLOR_NAME = AccentColor;
				CODE_SIGN_STYLE = Automatic;
				CURRENT_PROJECT_VERSION = 1;
				ENABLE_PREVIEWS = YES;
				GENERATE_INFOPLIST_FILE = YES;
				INFOPLIST_KEY_UIApplicationSceneManifest_Generation = YES;
				INFOPLIST_KEY_UIApplicationSupportsIndirectInputEvents = YES;
				INFOPLIST_KEY_UILaunchScreen_Generation = YES;
				INFOPLIST_KEY_UISupportedInterfaceOrientations_iPad = "UIInterfaceOrientationPortrait UIInterfaceOrientationPortraitUpsideDown UIInterfaceOrientationLandscapeLeft UIInterfaceOrientationLandscapeRight";
				INFOPLIST_KEY_UISupportedInterfaceOrientations_iPhone = "UIInterfaceOrientationPortrait UIInterfaceOrientationLandscapeLeft UIInterfaceOrientationLandscapeRight";
				IPHONEOS_DEPLOYMENT_TARGET = 15.2;
				LD_RUNPATH_SEARCH_PATHS = (
					"$(inherited)",
					"@executable_path/Frameworks",
				);
				MARKETING_VERSION = 1.0;
				PRODUCT_BUNDLE_IDENTIFIER = w.instagram;
				PRODUCT_NAME = instagram;
				SDKROOT = iphoneos;
				SWIFT_EMIT_LOC_STRINGS = YES;
				SWIFT_VERSION = 5.0;
				TARGETED_DEVICE_FAMILY = "1,2";
			};
			name = Debug;
		};
		BA41E58D27724BB7004982C8 /* Release */ = {
			isa = XCBuildConfiguration;
			buildSettings = {
				ASSETCATALOG_COMPILER_APPICON_NAME = AppIcon;
				ASSETCATALOG_COMPILER_GLOBAL_ACCENT_COLOR_NAME = AccentColor;
				CODE_SIGN_STYLE = Automatic;
				CURRENT_PROJECT_VERSION = 1;
				ENABLE_PREVIEWS = YES;
				GENERATE_INFOPLIST_FILE = YES;
				INFOPLIST_KEY_UIApplicationSceneManifest_Generation = YES;
				INFOPLIST_KEY_UIApplicationSupportsIndirectInputEvents = YES;
				INFOPLIST_KEY_UILaunchScreen_Generation = YES;
				INFOPLIST_KEY_UISupportedInterfaceOrientations_iPad = "UIInterfaceOrientationPortrait UIInterfaceOrientationPortraitUpsideDown UIInterfaceOrientationLandscapeLeft UIInterfaceOrientationLandscapeRight";
				INFOPLIST_KEY_UISupportedInterfaceOrientations_iPhone = "UIInterfaceOrientationPortrait UIInterfaceOrientationLandscapeLeft UIInterfaceOrientationLandscapeRight";
				IPHONEOS_DEPLOYMENT_TARGET = 15.2;
				LD_RUNPATH_SEARCH_PATHS = (
					"$(inherited)",
					"@executable_path/Frameworks",
				);
				MARKETING_VERSION = 1.0;
				PRODUCT_BUNDLE_IDENTIFIER = w.instagram;
				PRODUCT_NAME = instagram;
				SDKROOT = iphoneos;
				SWIFT_EMIT_LOC_STRINGS = YES;
				SWIFT_VERSION = 5.0;
				TARGETED_DEVICE_FAMILY = "1,2";
				VALIDATE_PRODUCT = YES;
			};
			name = Release;
		};
		BA41E58F27724BB7004982C8 /* Debug */ = {
			isa = XCBuildConfiguration;
			buildSettings = {
				ASSETCATALOG_COMPILER_APPICON_NAME = AppIcon;
				ASSETCATALOG_COMPILER_GLOBAL_ACCENT_COLOR_NAME = AccentColor;
				CODE_SIGN_ENTITLEMENTS = macOS/macOS.entitlements;
				CODE_SIGN_STYLE = Automatic;
				COMBINE_HIDPI_IMAGES = YES;
				CURRENT_PROJECT_VERSION = 1;
				ENABLE_PREVIEWS = YES;
				GENERATE_INFOPLIST_FILE = YES;
				INFOPLIST_KEY_NSHumanReadableCopyright = "";
				LD_RUNPATH_SEARCH_PATHS = (
					"$(inherited)",
					"@executable_path/../Frameworks",
				);
				MACOSX_DEPLOYMENT_TARGET = 11.4;
				MARKETING_VERSION = 1.0;
				PRODUCT_BUNDLE_IDENTIFIER = w.instagram;
				PRODUCT_NAME = instagram;
				SDKROOT = macosx;
				SWIFT_EMIT_LOC_STRINGS = YES;
				SWIFT_VERSION = 5.0;
			};
			name = Debug;
		};
		BA41E59027724BB7004982C8 /* Release */ = {
			isa = XCBuildConfiguration;
			buildSettings = {
				ASSETCATALOG_COMPILER_APPICON_NAME = AppIcon;
				ASSETCATALOG_COMPILER_GLOBAL_ACCENT_COLOR_NAME = AccentColor;
				CODE_SIGN_ENTITLEMENTS = macOS/macOS.entitlements;
				CODE_SIGN_STYLE = Automatic;
				COMBINE_HIDPI_IMAGES = YES;
				CURRENT_PROJECT_VERSION = 1;
				ENABLE_PREVIEWS = YES;
				GENERATE_INFOPLIST_FILE = YES;
				INFOPLIST_KEY_NSHumanReadableCopyright = "";
				LD_RUNPATH_SEARCH_PATHS = (
					"$(inherited)",
					"@executable_path/../Frameworks",
				);
				MACOSX_DEPLOYMENT_TARGET = 11.4;
				MARKETING_VERSION = 1.0;
				PRODUCT_BUNDLE_IDENTIFIER = w.instagram;
				PRODUCT_NAME = instagram;
				SDKROOT = macosx;
				SWIFT_EMIT_LOC_STRINGS = YES;
				SWIFT_VERSION = 5.0;
			};
			name = Release;
		};
		BA41E59227724BB7004982C8 /* Debug */ = {
			isa = XCBuildConfiguration;
			buildSettings = {
				ALWAYS_EMBED_SWIFT_STANDARD_LIBRARIES = YES;
				CODE_SIGN_STYLE = Automatic;
				CURRENT_PROJECT_VERSION = 1;
				GENERATE_INFOPLIST_FILE = YES;
				IPHONEOS_DEPLOYMENT_TARGET = 15.2;
				MARKETING_VERSION = 1.0;
				PRODUCT_BUNDLE_IDENTIFIER = "w.Tests-iOS";
				PRODUCT_NAME = "$(TARGET_NAME)";
				SDKROOT = iphoneos;
				SWIFT_EMIT_LOC_STRINGS = NO;
				SWIFT_VERSION = 5.0;
				TARGETED_DEVICE_FAMILY = "1,2";
				TEST_TARGET_NAME = "instagram (iOS)";
			};
			name = Debug;
		};
		BA41E59327724BB7004982C8 /* Release */ = {
			isa = XCBuildConfiguration;
			buildSettings = {
				ALWAYS_EMBED_SWIFT_STANDARD_LIBRARIES = YES;
				CODE_SIGN_STYLE = Automatic;
				CURRENT_PROJECT_VERSION = 1;
				GENERATE_INFOPLIST_FILE = YES;
				IPHONEOS_DEPLOYMENT_TARGET = 15.2;
				MARKETING_VERSION = 1.0;
				PRODUCT_BUNDLE_IDENTIFIER = "w.Tests-iOS";
				PRODUCT_NAME = "$(TARGET_NAME)";
				SDKROOT = iphoneos;
				SWIFT_EMIT_LOC_STRINGS = NO;
				SWIFT_VERSION = 5.0;
				TARGETED_DEVICE_FAMILY = "1,2";
				TEST_TARGET_NAME = "instagram (iOS)";
				VALIDATE_PRODUCT = YES;
			};
			name = Release;
		};
		BA41E59527724BB7004982C8 /* Debug */ = {
			isa = XCBuildConfiguration;
			buildSettings = {
				ALWAYS_EMBED_SWIFT_STANDARD_LIBRARIES = YES;
				CODE_SIGN_STYLE = Automatic;
				CURRENT_PROJECT_VERSION = 1;
				GENERATE_INFOPLIST_FILE = YES;
				MACOSX_DEPLOYMENT_TARGET = 11.4;
				MARKETING_VERSION = 1.0;
				PRODUCT_BUNDLE_IDENTIFIER = "w.Tests-macOS";
				PRODUCT_NAME = "$(TARGET_NAME)";
				SDKROOT = macosx;
				SWIFT_EMIT_LOC_STRINGS = NO;
				SWIFT_VERSION = 5.0;
				TEST_TARGET_NAME = "instagram (macOS)";
			};
			name = Debug;
		};
		BA41E59627724BB7004982C8 /* Release */ = {
			isa = XCBuildConfiguration;
			buildSettings = {
				ALWAYS_EMBED_SWIFT_STANDARD_LIBRARIES = YES;
				CODE_SIGN_STYLE = Automatic;
				CURRENT_PROJECT_VERSION = 1;
				GENERATE_INFOPLIST_FILE = YES;
				MACOSX_DEPLOYMENT_TARGET = 11.4;
				MARKETING_VERSION = 1.0;
				PRODUCT_BUNDLE_IDENTIFIER = "w.Tests-macOS";
				PRODUCT_NAME = "$(TARGET_NAME)";
				SDKROOT = macosx;
				SWIFT_EMIT_LOC_STRINGS = NO;
				SWIFT_VERSION = 5.0;
				TEST_TARGET_NAME = "instagram (macOS)";
			};
			name = Release;
		};
/* End XCBuildConfiguration section */

/* Begin XCConfigurationList section */
		BA41E55927724BB5004982C8 /* Build configuration list for PBXProject "instagram" */ = {
			isa = XCConfigurationList;
			buildConfigurations = (
				BA41E58927724BB7004982C8 /* Debug */,
				BA41E58A27724BB7004982C8 /* Release */,
			);
			defaultConfigurationIsVisible = 0;
			defaultConfigurationName = Release;
		};
		BA41E58B27724BB7004982C8 /* Build configuration list for PBXNativeTarget "instagram (iOS)" */ = {
			isa = XCConfigurationList;
			buildConfigurations = (
				BA41E58C27724BB7004982C8 /* Debug */,
				BA41E58D27724BB7004982C8 /* Release */,
			);
			defaultConfigurationIsVisible = 0;
			defaultConfigurationName = Release;
		};
		BA41E58E27724BB7004982C8 /* Build configuration list for PBXNativeTarget "instagram (macOS)" */ = {
			isa = XCConfigurationList;
			buildConfigurations = (
				BA41E58F27724BB7004982C8 /* Debug */,
				BA41E59027724BB7004982C8 /* Release */,
			);
			defaultConfigurationIsVisible = 0;
			defaultConfigurationName = Release;
		};
		BA41E59127724BB7004982C8 /* Build configuration list for PBXNativeTarget "Tests iOS" */ = {
			isa = XCConfigurationList;
			buildConfigurations = (
				BA41E59227724BB7004982C8 /* Debug */,
				BA41E59327724BB7004982C8 /* Release */,
			);
			defaultConfigurationIsVisible = 0;
			defaultConfigurationName = Release;
		};
		BA41E59427724BB7004982C8 /* Build configuration list for PBXNativeTarget "Tests macOS" */ = {
			isa = XCConfigurationList;
			buildConfigurations = (
				BA41E59527724BB7004982C8 /* Debug */,
				BA41E59627724BB7004982C8 /* Release */,
			);
			defaultConfigurationIsVisible = 0;
			defaultConfigurationName = Release;
		};
/* End XCConfigurationList section */
	};
	rootObject = BA41E55627724BB5004982C8 /* Project object */;
}
